
Microsoft Visual Studio Solution File, Format Version 12.00
# Visual Studio 15
VisualStudioVersion = 15.0.27130.2027
MinimumVisualStudioVersion = 10.0.40219.1
Project("{FAE04EC0-301F-11D3-BF4B-00C04F79EFBC}") = "SortingAlgorithms", "SortingAlgorithms\SortingAlgorithms.csproj", "{2196FC3B-286A-4BFB-9F7C-DD7C02976850}"
EndProject
Global
	GlobalSection(SolutionConfigurationPlatforms) = preSolution
		Debug|Any CPU = Debug|Any CPU
		Release|Any CPU = Release|Any CPU
	EndGlobalSection
	GlobalSection(ProjectConfigurationPlatforms) = postSolution
		{2196FC3B-286A-4BFB-9F7C-DD7C02976850}.Debug|Any CPU.ActiveCfg = Debug|Any CPU
		{2196FC3B-286A-4BFB-9F7C-DD7C02976850}.Debug|Any CPU.Build.0 = Debug|Any CPU
		{2196FC3B-286A-4BFB-9F7C-DD7C02976850}.Release|Any CPU.ActiveCfg = Release|Any CPU
		{2196FC3B-286A-4BFB-9F7C-DD7C02976850}.Release|Any CPU.Build.0 = Release|Any CPU
	EndGlobalSection
	GlobalSection(SolutionProperties) = preSolution
		HideSolutionNode = FALSE
	EndGlobalSection
	GlobalSection(ExtensibilityGlobals) = postSolution
		SolutionGuid = {0E06520E-C97F-4888-985F-2AFC7C3837CC}
	EndGlobalSection
EndGlobal
